// !$*UTF8*$!
{
	archiveVersion = 1;
	classes = {
	};
	objectVersion = 56;
	objects = {

/* Begin PBXBuildFile section */
		8F1BBBE42A87B58200325644 /* TimeBBApp.swift in Sources */ = {isa = PBXBuildFile; fileRef = 8F1BBBE32A87B58200325644 /* TimeBBApp.swift */; };
		8F1BBBE62A87B58200325644 /* ContentView.swift in Sources */ = {isa = PBXBuildFile; fileRef = 8F1BBBE52A87B58200325644 /* ContentView.swift */; };
		8F1BBBE82A87B58300325644 /* Assets.xcassets in Resources */ = {isa = PBXBuildFile; fileRef = 8F1BBBE72A87B58300325644 /* Assets.xcassets */; };
		8F1BBBEB2A87B58300325644 /* Preview Assets.xcassets in Resources */ = {isa = PBXBuildFile; fileRef = 8F1BBBEA2A87B58300325644 /* Preview Assets.xcassets */; };
		8F1BBBF52A87B58300325644 /* TimeBBTests.swift in Sources */ = {isa = PBXBuildFile; fileRef = 8F1BBBF42A87B58300325644 /* TimeBBTests.swift */; };
		8F1BBBFF2A87B58300325644 /* TimeBBUITests.swift in Sources */ = {isa = PBXBuildFile; fileRef = 8F1BBBFE2A87B58300325644 /* TimeBBUITests.swift */; };
		8F1BBC012A87B58300325644 /* TimeBBUITestsLaunchTests.swift in Sources */ = {isa = PBXBuildFile; fileRef = 8F1BBC002A87B58300325644 /* TimeBBUITestsLaunchTests.swift */; };
/* End PBXBuildFile section */

/* Begin PBXContainerItemProxy section */
		8F1BBBF12A87B58300325644 /* PBXContainerItemProxy */ = {
			isa = PBXContainerItemProxy;
			containerPortal = 8F1BBBD82A87B58200325644 /* Project object */;
			proxyType = 1;
			remoteGlobalIDString = 8F1BBBDF2A87B58200325644;
			remoteInfo = TimeBB;
		};
		8F1BBBFB2A87B58300325644 /* PBXContainerItemProxy */ = {
			isa = PBXContainerItemProxy;
			containerPortal = 8F1BBBD82A87B58200325644 /* Project object */;
			proxyType = 1;
			remoteGlobalIDString = 8F1BBBDF2A87B58200325644;
			remoteInfo = TimeBB;
		};
/* End PBXContainerItemProxy section */

/* Begin PBXFileReference section */
		8F1BBBE02A87B58200325644 /* TimeBB.app */ = {isa = PBXFileReference; explicitFileType = wrapper.application; includeInIndex = 0; path = TimeBB.app; sourceTree = BUILT_PRODUCTS_DIR; };
		8F1BBBE32A87B58200325644 /* TimeBBApp.swift */ = {isa = PBXFileReference; lastKnownFileType = sourcecode.swift; path = TimeBBApp.swift; sourceTree = "<group>"; };
		8F1BBBE52A87B58200325644 /* ContentView.swift */ = {isa = PBXFileReference; lastKnownFileType = sourcecode.swift; path = ContentView.swift; sourceTree = "<group>"; };
		8F1BBBE72A87B58300325644 /* Assets.xcassets */ = {isa = PBXFileReference; lastKnownFileType = folder.assetcatalog; path = Assets.xcassets; sourceTree = "<group>"; };
		8F1BBBEA2A87B58300325644 /* Preview Assets.xcassets */ = {isa = PBXFileReference; lastKnownFileType = folder.assetcatalog; path = "Preview Assets.xcassets"; sourceTree = "<group>"; };
		8F1BBBF02A87B58300325644 /* TimeBBTests.xctest */ = {isa = PBXFileReference; explicitFileType = wrapper.cfbundle; includeInIndex = 0; path = TimeBBTests.xctest; sourceTree = BUILT_PRODUCTS_DIR; };
		8F1BBBF42A87B58300325644 /* TimeBBTests.swift */ = {isa = PBXFileReference; lastKnownFileType = sourcecode.swift; path = TimeBBTests.swift; sourceTree = "<group>"; };
		8F1BBBFA2A87B58300325644 /* TimeBBUITests.xctest */ = {isa = PBXFileReference; explicitFileType = wrapper.cfbundle; includeInIndex = 0; path = TimeBBUITests.xctest; sourceTree = BUILT_PRODUCTS_DIR; };
		8F1BBBFE2A87B58300325644 /* TimeBBUITests.swift */ = {isa = PBXFileReference; lastKnownFileType = sourcecode.swift; path = TimeBBUITests.swift; sourceTree = "<group>"; };
		8F1BBC002A87B58300325644 /* TimeBBUITestsLaunchTests.swift */ = {isa = PBXFileReference; lastKnownFileType = sourcecode.swift; path = TimeBBUITestsLaunchTests.swift; sourceTree = "<group>"; };
		8F1BBC0D2A87B7A200325644 /* README.md */ = {isa = PBXFileReference; lastKnownFileType = net.daringfireball.markdown; path = README.md; sourceTree = "<group>"; };
/* End PBXFileReference section */

/* Begin PBXFrameworksBuildPhase section */
		8F1BBBDD2A87B58200325644 /* Frameworks */ = {
			isa = PBXFrameworksBuildPhase;
			buildActionMask = 2147483647;
			files = (
			);
			runOnlyForDeploymentPostprocessing = 0;
		};
		8F1BBBED2A87B58300325644 /* Frameworks */ = {
			isa = PBXFrameworksBuildPhase;
			buildActionMask = 2147483647;
			files = (
			);
			runOnlyForDeploymentPostprocessing = 0;
		};
		8F1BBBF72A87B58300325644 /* Frameworks */ = {
			isa = PBXFrameworksBuildPhase;
			buildActionMask = 2147483647;
			files = (
			);
			runOnlyForDeploymentPostprocessing = 0;
		};
/* End PBXFrameworksBuildPhase section */

/* Begin PBXGroup section */
		8F1BBBD72A87B58200325644 = {
			isa = PBXGroup;
			children = (
				8F1BBC0D2A87B7A200325644 /* README.md */,
				8F1BBBE22A87B58200325644 /* TimeBB */,
				8F1BBBF32A87B58300325644 /* TimeBBTests */,
				8F1BBBFD2A87B58300325644 /* TimeBBUITests */,
				8F1BBBE12A87B58200325644 /* Products */,
			);
			sourceTree = "<group>";
		};
		8F1BBBE12A87B58200325644 /* Products */ = {
			isa = PBXGroup;
			children = (
				8F1BBBE02A87B58200325644 /* TimeBB.app */,
				8F1BBBF02A87B58300325644 /* TimeBBTests.xctest */,
				8F1BBBFA2A87B58300325644 /* TimeBBUITests.xctest */,
			);
			name = Products;
			sourceTree = "<group>";
		};
		8F1BBBE22A87B58200325644 /* TimeBB */ = {
			isa = PBXGroup;
			children = (
				8F1BBBE32A87B58200325644 /* TimeBBApp.swift */,
				8F1BBBE52A87B58200325644 /* ContentView.swift */,
				8F1BBBE72A87B58300325644 /* Assets.xcassets */,
				8F1BBBE92A87B58300325644 /* Preview Content */,
			);
			path = TimeBB;
			sourceTree = "<group>";
		};
		8F1BBBE92A87B58300325644 /* Preview Content */ = {
			isa = PBXGroup;
			children = (
				8F1BBBEA2A87B58300325644 /* Preview Assets.xcassets */,
			);
			path = "Preview Content";
			sourceTree = "<group>";
		};
		8F1BBBF32A87B58300325644 /* TimeBBTests */ = {
			isa = PBXGroup;
			children = (
				8F1BBBF42A87B58300325644 /* TimeBBTests.swift */,
			);
			path = TimeBBTests;
			sourceTree = "<group>";
		};
		8F1BBBFD2A87B58300325644 /* TimeBBUITests */ = {
			isa = PBXGroup;
			children = (
				8F1BBBFE2A87B58300325644 /* TimeBBUITests.swift */,
				8F1BBC002A87B58300325644 /* TimeBBUITestsLaunchTests.swift */,
			);
			path = TimeBBUITests;
			sourceTree = "<group>";
		};
/* End PBXGroup section */

/* Begin PBXNativeTarget section */
		8F1BBBDF2A87B58200325644 /* TimeBB */ = {
			isa = PBXNativeTarget;
			buildConfigurationList = 8F1BBC042A87B58300325644 /* Build configuration list for PBXNativeTarget "TimeBB" */;
			buildPhases = (
				8F1BBBDC2A87B58200325644 /* Sources */,
				8F1BBBDD2A87B58200325644 /* Frameworks */,
				8F1BBBDE2A87B58200325644 /* Resources */,
			);
			buildRules = (
			);
			dependencies = (
			);
			name = TimeBB;
			productName = TimeBB;
			productReference = 8F1BBBE02A87B58200325644 /* TimeBB.app */;
			productType = "com.apple.product-type.application";
		};
		8F1BBBEF2A87B58300325644 /* TimeBBTests */ = {
			isa = PBXNativeTarget;
			buildConfigurationList = 8F1BBC072A87B58300325644 /* Build configuration list for PBXNativeTarget "TimeBBTests" */;
			buildPhases = (
				8F1BBBEC2A87B58300325644 /* Sources */,
				8F1BBBED2A87B58300325644 /* Frameworks */,
				8F1BBBEE2A87B58300325644 /* Resources */,
			);
			buildRules = (
			);
			dependencies = (
				8F1BBBF22A87B58300325644 /* PBXTargetDependency */,
			);
			name = TimeBBTests;
			productName = TimeBBTests;
			productReference = 8F1BBBF02A87B58300325644 /* TimeBBTests.xctest */;
			productType = "com.apple.product-type.bundle.unit-test";
		};
		8F1BBBF92A87B58300325644 /* TimeBBUITests */ = {
			isa = PBXNativeTarget;
			buildConfigurationList = 8F1BBC0A2A87B58300325644 /* Build configuration list for PBXNativeTarget "TimeBBUITests" */;
			buildPhases = (
				8F1BBBF62A87B58300325644 /* Sources */,
				8F1BBBF72A87B58300325644 /* Frameworks */,
				8F1BBBF82A87B58300325644 /* Resources */,
			);
			buildRules = (
			);
			dependencies = (
				8F1BBBFC2A87B58300325644 /* PBXTargetDependency */,
			);
			name = TimeBBUITests;
			productName = TimeBBUITests;
			productReference = 8F1BBBFA2A87B58300325644 /* TimeBBUITests.xctest */;
			productType = "com.apple.product-type.bundle.ui-testing";
		};
/* End PBXNativeTarget section */

/* Begin PBXProject section */
		8F1BBBD82A87B58200325644 /* Project object */ = {
			isa = PBXProject;
			attributes = {
				BuildIndependentTargetsInParallel = 1;
				LastSwiftUpdateCheck = 1430;
				LastUpgradeCheck = 1430;
				TargetAttributes = {
					8F1BBBDF2A87B58200325644 = {
						CreatedOnToolsVersion = 14.3.1;
					};
					8F1BBBEF2A87B58300325644 = {
						CreatedOnToolsVersion = 14.3.1;
						TestTargetID = 8F1BBBDF2A87B58200325644;
					};
					8F1BBBF92A87B58300325644 = {
						CreatedOnToolsVersion = 14.3.1;
						TestTargetID = 8F1BBBDF2A87B58200325644;
					};
				};
			};
			buildConfigurationList = 8F1BBBDB2A87B58200325644 /* Build configuration list for PBXProject "TimeBB" */;
			compatibilityVersion = "Xcode 14.0";
			developmentRegion = en;
			hasScannedForEncodings = 0;
			knownRegions = (
				en,
				Base,
			);
			mainGroup = 8F1BBBD72A87B58200325644;
			productRefGroup = 8F1BBBE12A87B58200325644 /* Products */;
			projectDirPath = "";
			projectRoot = "";
			targets = (
				8F1BBBDF2A87B58200325644 /* TimeBB */,
				8F1BBBEF2A87B58300325644 /* TimeBBTests */,
				8F1BBBF92A87B58300325644 /* TimeBBUITests */,
			);
		};
/* End PBXProject section */

/* Begin PBXResourcesBuildPhase section */
		8F1BBBDE2A87B58200325644 /* Resources */ = {
			isa = PBXResourcesBuildPhase;
			buildActionMask = 2147483647;
			files = (
				8F1BBBEB2A87B58300325644 /* Preview Assets.xcassets in Resources */,
				8F1BBBE82A87B58300325644 /* Assets.xcassets in Resources */,
			);
			runOnlyForDeploymentPostprocessing = 0;
		};
		8F1BBBEE2A87B58300325644 /* Resources */ = {
			isa = PBXResourcesBuildPhase;
			buildActionMask = 2147483647;
			files = (
			);
			runOnlyForDeploymentPostprocessing = 0;
		};
		8F1BBBF82A87B58300325644 /* Resources */ = {
			isa = PBXResourcesBuildPhase;
			buildActionMask = 2147483647;
			files = (
			);
			runOnlyForDeploymentPostprocessing = 0;
		};
/* End PBXResourcesBuildPhase section */

/* Begin PBXSourcesBuildPhase section */
		8F1BBBDC2A87B58200325644 /* Sources */ = {
			isa = PBXSourcesBuildPhase;
			buildActionMask = 2147483647;
			files = (
				8F1BBBE62A87B58200325644 /* ContentView.swift in Sources */,
				8F1BBBE42A87B58200325644 /* TimeBBApp.swift in Sources */,
			);
			runOnlyForDeploymentPostprocessing = 0;
		};
		8F1BBBEC2A87B58300325644 /* Sources */ = {
			isa = PBXSourcesBuildPhase;
			buildActionMask = 2147483647;
			files = (
				8F1BBBF52A87B58300325644 /* TimeBBTests.swift in Sources */,
			);
			runOnlyForDeploymentPostprocessing = 0;
		};
		8F1BBBF62A87B58300325644 /* Sources */ = {
			isa = PBXSourcesBuildPhase;
			buildActionMask = 2147483647;
			files = (
				8F1BBBFF2A87B58300325644 /* TimeBBUITests.swift in Sources */,
				8F1BBC012A87B58300325644 /* TimeBBUITestsLaunchTests.swift in Sources */,
			);
			runOnlyForDeploymentPostprocessing = 0;
		};
/* End PBXSourcesBuildPhase section */

/* Begin PBXTargetDependency section */
		8F1BBBF22A87B58300325644 /* PBXTargetDependency */ = {
			isa = PBXTargetDependency;
			target = 8F1BBBDF2A87B58200325644 /* TimeBB */;
			targetProxy = 8F1BBBF12A87B58300325644 /* PBXContainerItemProxy */;
		};
		8F1BBBFC2A87B58300325644 /* PBXTargetDependency */ = {
			isa = PBXTargetDependency;
			target = 8F1BBBDF2A87B58200325644 /* TimeBB */;
			targetProxy = 8F1BBBFB2A87B58300325644 /* PBXContainerItemProxy */;
		};
/* End PBXTargetDependency section */

/* Begin XCBuildConfiguration section */
		8F1BBC022A87B58300325644 /* Debug */ = {
			isa = XCBuildConfiguration;
			buildSettings = {
				ALWAYS_SEARCH_USER_PATHS = NO;
				CLANG_ANALYZER_NONNULL = YES;
				CLANG_ANALYZER_NUMBER_OBJECT_CONVERSION = YES_AGGRESSIVE;
				CLANG_CXX_LANGUAGE_STANDARD = "gnu++20";
				CLANG_ENABLE_MODULES = YES;
				CLANG_ENABLE_OBJC_ARC = YES;
				CLANG_ENABLE_OBJC_WEAK = YES;
				CLANG_WARN_BLOCK_CAPTURE_AUTORELEASING = YES;
				CLANG_WARN_BOOL_CONVERSION = YES;
				CLANG_WARN_COMMA = YES;
				CLANG_WARN_CONSTANT_CONVERSION = YES;
				CLANG_WARN_DEPRECATED_OBJC_IMPLEMENTATIONS = YES;
				CLANG_WARN_DIRECT_OBJC_ISA_USAGE = YES_ERROR;
				CLANG_WARN_DOCUMENTATION_COMMENTS = YES;
				CLANG_WARN_EMPTY_BODY = YES;
				CLANG_WARN_ENUM_CONVERSION = YES;
				CLANG_WARN_INFINITE_RECURSION = YES;
				CLANG_WARN_INT_CONVERSION = YES;
				CLANG_WARN_NON_LITERAL_NULL_CONVERSION = YES;
				CLANG_WARN_OBJC_IMPLICIT_RETAIN_SELF = YES;
				CLANG_WARN_OBJC_LITERAL_CONVERSION = YES;
				CLANG_WARN_OBJC_ROOT_CLASS = YES_ERROR;
				CLANG_WARN_QUOTED_INCLUDE_IN_FRAMEWORK_HEADER = YES;
				CLANG_WARN_RANGE_LOOP_ANALYSIS = YES;
				CLANG_WARN_STRICT_PROTOTYPES = YES;
				CLANG_WARN_SUSPICIOUS_MOVE = YES;
				CLANG_WARN_UNGUARDED_AVAILABILITY = YES_AGGRESSIVE;
				CLANG_WARN_UNREACHABLE_CODE = YES;
				CLANG_WARN__DUPLICATE_METHOD_MATCH = YES;
				COPY_PHASE_STRIP = NO;
				DEBUG_INFORMATION_FORMAT = dwarf;
				ENABLE_STRICT_OBJC_MSGSEND = YES;
				ENABLE_TESTABILITY = YES;
				GCC_C_LANGUAGE_STANDARD = gnu11;
				GCC_DYNAMIC_NO_PIC = NO;
				GCC_NO_COMMON_BLOCKS = YES;
				GCC_OPTIMIZATION_LEVEL = 0;
				GCC_PREPROCESSOR_DEFINITIONS = (
					"DEBUG=1",
					"$(inherited)",
				);
				GCC_WARN_64_TO_32_BIT_CONVERSION = YES;
				GCC_WARN_ABOUT_RETURN_TYPE = YES_ERROR;
				GCC_WARN_UNDECLARED_SELECTOR = YES;
				GCC_WARN_UNINITIALIZED_AUTOS = YES_AGGRESSIVE;
				GCC_WARN_UNUSED_FUNCTION = YES;
				GCC_WARN_UNUSED_VARIABLE = YES;
				IPHONEOS_DEPLOYMENT_TARGET = 16.4;
				MTL_ENABLE_DEBUG_INFO = INCLUDE_SOURCE;
				MTL_FAST_MATH = YES;
				ONLY_ACTIVE_ARCH = YES;
				SDKROOT = iphoneos;
				SWIFT_ACTIVE_COMPILATION_CONDITIONS = DEBUG;
				SWIFT_OPTIMIZATION_LEVEL = "-Onone";
			};
			name = Debug;
		};
		8F1BBC032A87B58300325644 /* Release */ = {
			isa = XCBuildConfiguration;
			buildSettings = {
				ALWAYS_SEARCH_USER_PATHS = NO;
				CLANG_ANALYZER_NONNULL = YES;
				CLANG_ANALYZER_NUMBER_OBJECT_CONVERSION = YES_AGGRESSIVE;
				CLANG_CXX_LANGUAGE_STANDARD = "gnu++20";
				CLANG_ENABLE_MODULES = YES;
				CLANG_ENABLE_OBJC_ARC = YES;
				CLANG_ENABLE_OBJC_WEAK = YES;
				CLANG_WARN_BLOCK_CAPTURE_AUTORELEASING = YES;
				CLANG_WARN_BOOL_CONVERSION = YES;
				CLANG_WARN_COMMA = YES;
				CLANG_WARN_CONSTANT_CONVERSION = YES;
				CLANG_WARN_DEPRECATED_OBJC_IMPLEMENTATIONS = YES;
				CLANG_WARN_DIRECT_OBJC_ISA_USAGE = YES_ERROR;
				CLANG_WARN_DOCUMENTATION_COMMENTS = YES;
				CLANG_WARN_EMPTY_BODY = YES;
				CLANG_WARN_ENUM_CONVERSION = YES;
				CLANG_WARN_INFINITE_RECURSION = YES;
				CLANG_WARN_INT_CONVERSION = YES;
				CLANG_WARN_NON_LITERAL_NULL_CONVERSION = YES;
				CLANG_WARN_OBJC_IMPLICIT_RETAIN_SELF = YES;
				CLANG_WARN_OBJC_LITERAL_CONVERSION = YES;
				CLANG_WARN_OBJC_ROOT_CLASS = YES_ERROR;
				CLANG_WARN_QUOTED_INCLUDE_IN_FRAMEWORK_HEADER = YES;
				CLANG_WARN_RANGE_LOOP_ANALYSIS = YES;
				CLANG_WARN_STRICT_PROTOTYPES = YES;
				CLANG_WARN_SUSPICIOUS_MOVE = YES;
				CLANG_WARN_UNGUARDED_AVAILABILITY = YES_AGGRESSIVE;
				CLANG_WARN_UNREACHABLE_CODE = YES;
				CLANG_WARN__DUPLICATE_METHOD_MATCH = YES;
				COPY_PHASE_STRIP = NO;
				DEBUG_INFORMATION_FORMAT = "dwarf-with-dsym";
				ENABLE_NS_ASSERTIONS = NO;
				ENABLE_STRICT_OBJC_MSGSEND = YES;
				GCC_C_LANGUAGE_STANDARD = gnu11;
				GCC_NO_COMMON_BLOCKS = YES;
				GCC_WARN_64_TO_32_BIT_CONVERSION = YES;
				GCC_WARN_ABOUT_RETURN_TYPE = YES_ERROR;
				GCC_WARN_UNDECLARED_SELECTOR = YES;
				GCC_WARN_UNINITIALIZED_AUTOS = YES_AGGRESSIVE;
				GCC_WARN_UNUSED_FUNCTION = YES;
				GCC_WARN_UNUSED_VARIABLE = YES;
				IPHONEOS_DEPLOYMENT_TARGET = 16.4;
				MTL_ENABLE_DEBUG_INFO = NO;
				MTL_FAST_MATH = YES;
				SDKROOT = iphoneos;
				SWIFT_COMPILATION_MODE = wholemodule;
				SWIFT_OPTIMIZATION_LEVEL = "-O";
				VALIDATE_PRODUCT = YES;
			};
			name = Release;
		};
		8F1BBC052A87B58300325644 /* Debug */ = {
			isa = XCBuildConfiguration;
			buildSettings = {
				ASSETCATALOG_COMPILER_APPICON_NAME = AppIcon;
				ASSETCATALOG_COMPILER_GLOBAL_ACCENT_COLOR_NAME = AccentColor;
				CODE_SIGN_STYLE = Automatic;
				CURRENT_PROJECT_VERSION = 1;
				DEVELOPMENT_ASSET_PATHS = "\"TimeBB/Preview Content\"";
				DEVELOPMENT_TEAM = MC42SV6CN7;
				ENABLE_PREVIEWS = YES;
				GENERATE_INFOPLIST_FILE = YES;
				INFOPLIST_KEY_UIApplicationSceneManifest_Generation = YES;
				INFOPLIST_KEY_UIApplicationSupportsIndirectInputEvents = YES;
				INFOPLIST_KEY_UILaunchScreen_Generation = YES;
				INFOPLIST_KEY_UISupportedInterfaceOrientations_iPad = "UIInterfaceOrientationPortrait UIInterfaceOrientationPortraitUpsideDown UIInterfaceOrientationLandscapeLeft UIInterfaceOrientationLandscapeRight";
				INFOPLIST_KEY_UISupportedInterfaceOrientations_iPhone = "UIInterfaceOrientationPortrait UIInterfaceOrientationLandscapeLeft UIInterfaceOrientationLandscapeRight";
				LD_RUNPATH_SEARCH_PATHS = (
					"$(inherited)",
					"@executable_path/Frameworks",
				);
				MARKETING_VERSION = 1.0;
				PRODUCT_BUNDLE_IDENTIFIER = sd.TimeBB;
				PRODUCT_NAME = "$(TARGET_NAME)";
				SWIFT_EMIT_LOC_STRINGS = YES;
				SWIFT_VERSION = 5.0;
				TARGETED_DEVICE_FAMILY = "1,2";
			};
			name = Debug;
		};
		8F1BBC062A87B58300325644 /* Release */ = {
			isa = XCBuildConfiguration;
			buildSettings = {
				ASSETCATALOG_COMPILER_APPICON_NAME = AppIcon;
				ASSETCATALOG_COMPILER_GLOBAL_ACCENT_COLOR_NAME = AccentColor;
				CODE_SIGN_STYLE = Automatic;
				CURRENT_PROJECT_VERSION = 1;
				DEVELOPMENT_ASSET_PATHS = "\"TimeBB/Preview Content\"";
				DEVELOPMENT_TEAM = MC42SV6CN7;
				ENABLE_PREVIEWS = YES;
				GENERATE_INFOPLIST_FILE = YES;
				INFOPLIST_KEY_UIApplicationSceneManifest_Generation = YES;
				INFOPLIST_KEY_UIApplicationSupportsIndirectInputEvents = YES;
				INFOPLIST_KEY_UILaunchScreen_Generation = YES;
				INFOPLIST_KEY_UISupportedInterfaceOrientations_iPad = "UIInterfaceOrientationPortrait UIInterfaceOrientationPortraitUpsideDown UIInterfaceOrientationLandscapeLeft UIInterfaceOrientationLandscapeRight";
				INFOPLIST_KEY_UISupportedInterfaceOrientations_iPhone = "UIInterfaceOrientationPortrait UIInterfaceOrientationLandscapeLeft UIInterfaceOrientationLandscapeRight";
				LD_RUNPATH_SEARCH_PATHS = (
					"$(inherited)",
					"@executable_path/Frameworks",
				);
				MARKETING_VERSION = 1.0;
				PRODUCT_BUNDLE_IDENTIFIER = sd.TimeBB;
				PRODUCT_NAME = "$(TARGET_NAME)";
				SWIFT_EMIT_LOC_STRINGS = YES;
				SWIFT_VERSION = 5.0;
				TARGETED_DEVICE_FAMILY = "1,2";
			};
			name = Release;
		};
		8F1BBC082A87B58300325644 /* Debug */ = {
			isa = XCBuildConfiguration;
			buildSettings = {
				ALWAYS_EMBED_SWIFT_STANDARD_LIBRARIES = YES;
				BUNDLE_LOADER = "$(TEST_HOST)";
				CODE_SIGN_STYLE = Automatic;
				CURRENT_PROJECT_VERSION = 1;
				DEVELOPMENT_TEAM = MC42SV6CN7;
				GENERATE_INFOPLIST_FILE = YES;
				IPHONEOS_DEPLOYMENT_TARGET = 16.4;
				MARKETING_VERSION = 1.0;
				PRODUCT_BUNDLE_IDENTIFIER = sd.TimeBBTests;
				PRODUCT_NAME = "$(TARGET_NAME)";
				SWIFT_EMIT_LOC_STRINGS = NO;
				SWIFT_VERSION = 5.0;
				TARGETED_DEVICE_FAMILY = "1,2";
				TEST_HOST = "$(BUILT_PRODUCTS_DIR)/TimeBB.app/$(BUNDLE_EXECUTABLE_FOLDER_PATH)/TimeBB";
			};
			name = Debug;
		};
		8F1BBC092A87B58300325644 /* Release */ = {
			isa = XCBuildConfiguration;
			buildSettings = {
				ALWAYS_EMBED_SWIFT_STANDARD_LIBRARIES = YES;
				BUNDLE_LOADER = "$(TEST_HOST)";
				CODE_SIGN_STYLE = Automatic;
				CURRENT_PROJECT_VERSION = 1;
				DEVELOPMENT_TEAM = MC42SV6CN7;
				GENERATE_INFOPLIST_FILE = YES;
				IPHONEOS_DEPLOYMENT_TARGET = 16.4;
				MARKETING_VERSION = 1.0;
				PRODUCT_BUNDLE_IDENTIFIER = sd.TimeBBTests;
				PRODUCT_NAME = "$(TARGET_NAME)";
				SWIFT_EMIT_LOC_STRINGS = NO;
				SWIFT_VERSION = 5.0;
				TARGETED_DEVICE_FAMILY = "1,2";
				TEST_HOST = "$(BUILT_PRODUCTS_DIR)/TimeBB.app/$(BUNDLE_EXECUTABLE_FOLDER_PATH)/TimeBB";
			};
			name = Release;
		};
		8F1BBC0B2A87B58300325644 /* Debug */ = {
			isa = XCBuildConfiguration;
			buildSettings = {
				ALWAYS_EMBED_SWIFT_STANDARD_LIBRARIES = YES;
				CODE_SIGN_STYLE = Automatic;
				CURRENT_PROJECT_VERSION = 1;
				DEVELOPMENT_TEAM = MC42SV6CN7;
				GENERATE_INFOPLIST_FILE = YES;
				MARKETING_VERSION = 1.0;
				PRODUCT_BUNDLE_IDENTIFIER = sd.TimeBBUITests;
				PRODUCT_NAME = "$(TARGET_NAME)";
				SWIFT_EMIT_LOC_STRINGS = NO;
				SWIFT_VERSION = 5.0;
				TARGETED_DEVICE_FAMILY = "1,2";
				TEST_TARGET_NAME = TimeBB;
			};
			name = Debug;
		};
		8F1BBC0C2A87B58300325644 /* Release */ = {
			isa = XCBuildConfiguration;
			buildSettings = {
				ALWAYS_EMBED_SWIFT_STANDARD_LIBRARIES = YES;
				CODE_SIGN_STYLE = Automatic;
				CURRENT_PROJECT_VERSION = 1;
				DEVELOPMENT_TEAM = MC42SV6CN7;
				GENERATE_INFOPLIST_FILE = YES;
				MARKETING_VERSION = 1.0;
				PRODUCT_BUNDLE_IDENTIFIER = sd.TimeBBUITests;
				PRODUCT_NAME = "$(TARGET_NAME)";
				SWIFT_EMIT_LOC_STRINGS = NO;
				SWIFT_VERSION = 5.0;
				TARGETED_DEVICE_FAMILY = "1,2";
				TEST_TARGET_NAME = TimeBB;
			};
			name = Release;
		};
/* End XCBuildConfiguration section */

/* Begin XCConfigurationList section */
		8F1BBBDB2A87B58200325644 /* Build configuration list for PBXProject "TimeBB" */ = {
			isa = XCConfigurationList;
			buildConfigurations = (
				8F1BBC022A87B58300325644 /* Debug */,
				8F1BBC032A87B58300325644 /* Release */,
			);
			defaultConfigurationIsVisible = 0;
			defaultConfigurationName = Release;
		};
		8F1BBC042A87B58300325644 /* Build configuration list for PBXNativeTarget "TimeBB" */ = {
			isa = XCConfigurationList;
			buildConfigurations = (
				8F1BBC052A87B58300325644 /* Debug */,
				8F1BBC062A87B58300325644 /* Release */,
			);
			defaultConfigurationIsVisible = 0;
			defaultConfigurationName = Release;
		};
		8F1BBC072A87B58300325644 /* Build configuration list for PBXNativeTarget "TimeBBTests" */ = {
			isa = XCConfigurationList;
			buildConfigurations = (
				8F1BBC082A87B58300325644 /* Debug */,
				8F1BBC092A87B58300325644 /* Release */,
			);
			defaultConfigurationIsVisible = 0;
			defaultConfigurationName = Release;
		};
		8F1BBC0A2A87B58300325644 /* Build configuration list for PBXNativeTarget "TimeBBUITests" */ = {
			isa = XCConfigurationList;
			buildConfigurations = (
				8F1BBC0B2A87B58300325644 /* Debug */,
				8F1BBC0C2A87B58300325644 /* Release */,
			);
			defaultConfigurationIsVisible = 0;
			defaultConfigurationName = Release;
		};
/* End XCConfigurationList section */
	};
	rootObject = 8F1BBBD82A87B58200325644 /* Project object */;
}
